{
  "requires": true,
  "lockfileVersion": 1,
  "dependencies": {
    "angular": {
      "version": "1.7.8",
      "resolved": "https://registry.npmjs.org/angular/-/angular-1.7.8.tgz",
      "integrity": "sha512-wtef/y4COxM7ZVhddd7JtAAhyYObq9YXKar9tsW7558BImeVYteJiTxCKeJOL45lJ/+7B4wrAC49j8gTFYEthg=="
    },
    "angular-route": {
      "version": "1.7.8",
      "resolved": "https://registry.npmjs.org/angular-route/-/angular-route-1.7.8.tgz",
      "integrity": "sha512-VVk89PH0fsY5kfbx+N7IVX1IwnaPWYhMGY0uA+rjej2v1sjvrTx1SLkxUK4E0UpW1hXeLJhN7ncBcwoBiPtAtA=="
    },
    "angularjs": {
      "version": "0.0.1",
      "resolved": "https://registry.npmjs.org/angularjs/-/angularjs-0.0.1.tgz",
      "integrity": "sha1-SW9QxxQVFedB6pdt6JHe8IOLPxk="
    },
    "lesshat": {
      "version": "4.1.0",
      "resolved": "https://registry.npmjs.org/lesshat/-/lesshat-4.1.0.tgz",
      "integrity": "sha1-WjLco2pVFlaaSG+O0Q3//3nUyOA="
    }
  }
}
